// !$*UTF8*$!
{
	archiveVersion = 1;
	classes = {
	};
	objectVersion = 50;
	objects = {

/* Begin PBXBuildFile section */
		C0B8055B216B672D00519B6E /* AppDelegate.m in Sources */ = {isa = PBXBuildFile; fileRef = C0B8055A216B672D00519B6E /* AppDelegate.m */; };
		C0B8055E216B672D00519B6E /* ViewController.m in Sources */ = {isa = PBXBuildFile; fileRef = C0B8055D216B672D00519B6E /* ViewController.m */; };
		C0B80561216B672D00519B6E /* Main.storyboard in Resources */ = {isa = PBXBuildFile; fileRef = C0B8055F216B672D00519B6E /* Main.storyboard */; };
		C0B80563216B673000519B6E /* Assets.xcassets in Resources */ = {isa = PBXBuildFile; fileRef = C0B80562216B673000519B6E /* Assets.xcassets */; };
		C0B80566216B673000519B6E /* LaunchScreen.storyboard in Resources */ = {isa = PBXBuildFile; fileRef = C0B80564216B673000519B6E /* LaunchScreen.storyboard */; };
		C0B80569216B673000519B6E /* main.m in Sources */ = {isa = PBXBuildFile; fileRef = C0B80568216B673000519B6E /* main.m */; };
		C0B80579216B69A000519B6E /* 大雨@2x.png in Resources */ = {isa = PBXBuildFile; fileRef = C0B8056F216B699F00519B6E /* 大雨@2x.png */; };
		C0B8057A216B69A000519B6E /* 多云@2x.png in Resources */ = {isa = PBXBuildFile; fileRef = C0B80570216B699F00519B6E /* 多云@2x.png */; };
		C0B8057B216B69A000519B6E /* 小雨@3x.png in Resources */ = {isa = PBXBuildFile; fileRef = C0B80571216B699F00519B6E /* 小雨@3x.png */; };
		C0B8057C216B69A000519B6E /* 雪@2x.png in Resources */ = {isa = PBXBuildFile; fileRef = C0B80572216B69A000519B6E /* 雪@2x.png */; };
		C0B8057D216B69A000519B6E /* 晴@2x.png in Resources */ = {isa = PBXBuildFile; fileRef = C0B80573216B69A000519B6E /* 晴@2x.png */; };
		C0B8057E216B69A000519B6E /* 雪@3x.png in Resources */ = {isa = PBXBuildFile; fileRef = C0B80574216B69A000519B6E /* 雪@3x.png */; };
		C0B8057F216B69A000519B6E /* 多云@3x.png in Resources */ = {isa = PBXBuildFile; fileRef = C0B80575216B69A000519B6E /* 多云@3x.png */; };
		C0B80580216B69A000519B6E /* 晴@3x.png in Resources */ = {isa = PBXBuildFile; fileRef = C0B80576216B69A000519B6E /* 晴@3x.png */; };
		C0B80581216B69A000519B6E /* 小雨@2x.png in Resources */ = {isa = PBXBuildFile; fileRef = C0B80577216B69A000519B6E /* 小雨@2x.png */; };
		C0B80582216B69A000519B6E /* 大雨@3x.png in Resources */ = {isa = PBXBuildFile; fileRef = C0B80578216B69A000519B6E /* 大雨@3x.png */; };
		C0B80586216B6D5B00519B6E /* UIViewController+Present.m in Sources */ = {isa = PBXBuildFile; fileRef = C0B80584216B6D5B00519B6E /* UIViewController+Present.m */; };
/* End PBXBuildFile section */

/* Begin PBXFileReference section */
		C0B80556216B672D00519B6E /* CXChangeAppIcon.app */ = {isa = PBXFileReference; explicitFileType = wrapper.application; includeInIndex = 0; path = CXChangeAppIcon.app; sourceTree = BUILT_PRODUCTS_DIR; };
		C0B80559216B672D00519B6E /* AppDelegate.h */ = {isa = PBXFileReference; lastKnownFileType = sourcecode.c.h; path = AppDelegate.h; sourceTree = "<group>"; };
		C0B8055A216B672D00519B6E /* AppDelegate.m */ = {isa = PBXFileReference; lastKnownFileType = sourcecode.c.objc; path = AppDelegate.m; sourceTree = "<group>"; };
		C0B8055C216B672D00519B6E /* ViewController.h */ = {isa = PBXFileReference; lastKnownFileType = sourcecode.c.h; path = ViewController.h; sourceTree = "<group>"; };
		C0B8055D216B672D00519B6E /* ViewController.m */ = {isa = PBXFileReference; lastKnownFileType = sourcecode.c.objc; path = ViewController.m; sourceTree = "<group>"; };
		C0B80560216B672D00519B6E /* Base */ = {isa = PBXFileReference; lastKnownFileType = file.storyboard; name = Base; path = Base.lproj/Main.storyboard; sourceTree = "<group>"; };
		C0B80562216B673000519B6E /* Assets.xcassets */ = {isa = PBXFileReference; lastKnownFileType = folder.assetcatalog; path = Assets.xcassets; sourceTree = "<group>"; };
		C0B80565216B673000519B6E /* Base */ = {isa = PBXFileReference; lastKnownFileType = file.storyboard; name = Base; path = Base.lproj/LaunchScreen.storyboard; sourceTree = "<group>"; };
		C0B80567216B673000519B6E /* Info.plist */ = {isa = PBXFileReference; lastKnownFileType = text.plist.xml; path = Info.plist; sourceTree = "<group>"; };
		C0B80568216B673000519B6E /* main.m */ = {isa = PBXFileReference; lastKnownFileType = sourcecode.c.objc; path = main.m; sourceTree = "<group>"; };
		C0B8056F216B699F00519B6E /* 大雨@2x.png */ = {isa = PBXFileReference; lastKnownFileType = image.png; path = "大雨@2x.png"; sourceTree = "<group>"; };
		C0B80570216B699F00519B6E /* 多云@2x.png */ = {isa = PBXFileReference; lastKnownFileType = image.png; path = "多云@2x.png"; sourceTree = "<group>"; };
		C0B80571216B699F00519B6E /* 小雨@3x.png */ = {isa = PBXFileReference; lastKnownFileType = image.png; path = "小雨@3x.png"; sourceTree = "<group>"; };
		C0B80572216B69A000519B6E /* 雪@2x.png */ = {isa = PBXFileReference; lastKnownFileType = image.png; path = "雪@2x.png"; sourceTree = "<group>"; };
		C0B80573216B69A000519B6E /* 晴@2x.png */ = {isa = PBXFileReference; lastKnownFileType = image.png; path = "晴@2x.png"; sourceTree = "<group>"; };
		C0B80574216B69A000519B6E /* 雪@3x.png */ = {isa = PBXFileReference; lastKnownFileType = image.png; path = "雪@3x.png"; sourceTree = "<group>"; };
		C0B80575216B69A000519B6E /* 多云@3x.png */ = {isa = PBXFileReference; lastKnownFileType = image.png; path = "多云@3x.png"; sourceTree = "<group>"; };
		C0B80576216B69A000519B6E /* 晴@3x.png */ = {isa = PBXFileReference; lastKnownFileType = image.png; path = "晴@3x.png"; sourceTree = "<group>"; };
		C0B80577216B69A000519B6E /* 小雨@2x.png */ = {isa = PBXFileReference; lastKnownFileType = image.png; path = "小雨@2x.png"; sourceTree = "<group>"; };
		C0B80578216B69A000519B6E /* 大雨@3x.png */ = {isa = PBXFileReference; lastKnownFileType = image.png; path = "大雨@3x.png"; sourceTree = "<group>"; };
		C0B80584216B6D5B00519B6E /* UIViewController+Present.m */ = {isa = PBXFileReference; fileEncoding = 4; lastKnownFileType = sourcecode.c.objc; path = "UIViewController+Present.m"; sourceTree = "<group>"; };
		C0B80585216B6D5B00519B6E /* UIViewController+Present.h */ = {isa = PBXFileReference; fileEncoding = 4; lastKnownFileType = sourcecode.c.h; path = "UIViewController+Present.h"; sourceTree = "<group>"; };
/* End PBXFileReference section */

/* Begin PBXFrameworksBuildPhase section */
		C0B80553216B672D00519B6E /* Frameworks */ = {
			isa = PBXFrameworksBuildPhase;
			buildActionMask = 2147483647;
			files = (
			);
			runOnlyForDeploymentPostprocessing = 0;
		};
/* End PBXFrameworksBuildPhase section */

/* Begin PBXGroup section */
		C0B8054D216B672D00519B6E = {
			isa = PBXGroup;
			children = (
				C0B80558216B672D00519B6E /* CXChangeAppIcon */,
				C0B80557216B672D00519B6E /* Products */,
			);
			sourceTree = "<group>";
		};
		C0B80557216B672D00519B6E /* Products */ = {
			isa = PBXGroup;
			children = (
				C0B80556216B672D00519B6E /* CXChangeAppIcon.app */,
			);
			name = Products;
			sourceTree = "<group>";
		};
		C0B80558216B672D00519B6E /* CXChangeAppIcon */ = {
			isa = PBXGroup;
			children = (
				C0B80585216B6D5B00519B6E /* UIViewController+Present.h */,
				C0B80584216B6D5B00519B6E /* UIViewController+Present.m */,
				C0B80559216B672D00519B6E /* AppDelegate.h */,
				C0B8055A216B672D00519B6E /* AppDelegate.m */,
				C0B8055C216B672D00519B6E /* ViewController.h */,
				C0B8055D216B672D00519B6E /* ViewController.m */,
				C0B8055F216B672D00519B6E /* Main.storyboard */,
				C0B80562216B673000519B6E /* Assets.xcassets */,
				C0B80564216B673000519B6E /* LaunchScreen.storyboard */,
				C0B80583216B69A700519B6E /* Icon */,
				C0B80567216B673000519B6E /* Info.plist */,
				C0B80568216B673000519B6E /* main.m */,
			);
			path = CXChangeAppIcon;
			sourceTree = "<group>";
		};
		C0B80583216B69A700519B6E /* Icon */ = {
			isa = PBXGroup;
			children = (
				C0B8056F216B699F00519B6E /* 大雨@2x.png */,
				C0B80578216B69A000519B6E /* 大雨@3x.png */,
				C0B80570216B699F00519B6E /* 多云@2x.png */,
				C0B80575216B69A000519B6E /* 多云@3x.png */,
				C0B80573216B69A000519B6E /* 晴@2x.png */,
				C0B80576216B69A000519B6E /* 晴@3x.png */,
				C0B80577216B69A000519B6E /* 小雨@2x.png */,
				C0B80571216B699F00519B6E /* 小雨@3x.png */,
				C0B80572216B69A000519B6E /* 雪@2x.png */,
				C0B80574216B69A000519B6E /* 雪@3x.png */,
			);
			path = Icon;
			sourceTree = "<group>";
		};
/* End PBXGroup section */

/* Begin PBXNativeTarget section */
		C0B80555216B672D00519B6E /* CXChangeAppIcon */ = {
			isa = PBXNativeTarget;
			buildConfigurationList = C0B8056C216B673000519B6E /* Build configuration list for PBXNativeTarget "CXChangeAppIcon" */;
			buildPhases = (
				C0B80552216B672D00519B6E /* Sources */,
				C0B80553216B672D00519B6E /* Frameworks */,
				C0B80554216B672D00519B6E /* Resources */,
			);
			buildRules = (
			);
			dependencies = (
			);
			name = CXChangeAppIcon;
			productName = CXChangeAppIcon;
			productReference = C0B80556216B672D00519B6E /* CXChangeAppIcon.app */;
			productType = "com.apple.product-type.application";
		};
/* End PBXNativeTarget section */

/* Begin PBXProject section */
		C0B8054E216B672D00519B6E /* Project object */ = {
			isa = PBXProject;
			attributes = {
				LastUpgradeCheck = 1000;
				ORGANIZATIONNAME = "陈晓辉";
				TargetAttributes = {
					C0B80555216B672D00519B6E = {
						CreatedOnToolsVersion = 10.0;
					};
				};
			};
			buildConfigurationList = C0B80551216B672D00519B6E /* Build configuration list for PBXProject "CXChangeAppIcon" */;
			compatibilityVersion = "Xcode 9.3";
			developmentRegion = en;
			hasScannedForEncodings = 0;
			knownRegions = (
				en,
				Base,
			);
			mainGroup = C0B8054D216B672D00519B6E;
			productRefGroup = C0B80557216B672D00519B6E /* Products */;
			projectDirPath = "";
			projectRoot = "";
			targets = (
				C0B80555216B672D00519B6E /* CXChangeAppIcon */,
			);
		};
/* End PBXProject section */

/* Begin PBXResourcesBuildPhase section */
		C0B80554216B672D00519B6E /* Resources */ = {
			isa = PBXResourcesBuildPhase;
			buildActionMask = 2147483647;
			files = (
				C0B80566216B673000519B6E /* LaunchScreen.storyboard in Resources */,
				C0B80581216B69A000519B6E /* 小雨@2x.png in Resources */,
				C0B8057D216B69A000519B6E /* 晴@2x.png in Resources */,
				C0B80579216B69A000519B6E /* 大雨@2x.png in Resources */,
				C0B8057C216B69A000519B6E /* 雪@2x.png in Resources */,
				C0B8057E216B69A000519B6E /* 雪@3x.png in Resources */,
				C0B80563216B673000519B6E /* Assets.xcassets in Resources */,
				C0B8057A216B69A000519B6E /* 多云@2x.png in Resources */,
				C0B8057B216B69A000519B6E /* 小雨@3x.png in Resources */,
				C0B80582216B69A000519B6E /* 大雨@3x.png in Resources */,
				C0B80580216B69A000519B6E /* 晴@3x.png in Resources */,
				C0B8057F216B69A000519B6E /* 多云@3x.png in Resources */,
				C0B80561216B672D00519B6E /* Main.storyboard in Resources */,
			);
			runOnlyForDeploymentPostprocessing = 0;
		};
/* End PBXResourcesBuildPhase section */

/* Begin PBXSourcesBuildPhase section */
		C0B80552216B672D00519B6E /* Sources */ = {
			isa = PBXSourcesBuildPhase;
			buildActionMask = 2147483647;
			files = (
				C0B8055E216B672D00519B6E /* ViewController.m in Sources */,
				C0B80569216B673000519B6E /* main.m in Sources */,
				C0B80586216B6D5B00519B6E /* UIViewController+Present.m in Sources */,
				C0B8055B216B672D00519B6E /* AppDelegate.m in Sources */,
			);
			runOnlyForDeploymentPostprocessing = 0;
		};
/* End PBXSourcesBuildPhase section */

/* Begin PBXVariantGroup section */
		C0B8055F216B672D00519B6E /* Main.storyboard */ = {
			isa = PBXVariantGroup;
			children = (
				C0B80560216B672D00519B6E /* Base */,
			);
			name = Main.storyboard;
			sourceTree = "<group>";
		};
		C0B80564216B673000519B6E /* LaunchScreen.storyboard */ = {
			isa = PBXVariantGroup;
			children = (
				C0B80565216B673000519B6E /* Base */,
			);
			name = LaunchScreen.storyboard;
			sourceTree = "<group>";
		};
/* End PBXVariantGroup section */

/* Begin XCBuildConfiguration section */
		C0B8056A216B673000519B6E /* Debug */ = {
			isa = XCBuildConfiguration;
			buildSettings = {
				ALWAYS_SEARCH_USER_PATHS = NO;
				CLANG_ANALYZER_NONNULL = YES;
				CLANG_ANALYZER_NUMBER_OBJECT_CONVERSION = YES_AGGRESSIVE;
				CLANG_CXX_LANGUAGE_STANDARD = "gnu++14";
				CLANG_CXX_LIBRARY = "libc++";
				CLANG_ENABLE_MODULES = YES;
				CLANG_ENABLE_OBJC_ARC = YES;
				CLANG_ENABLE_OBJC_WEAK = YES;
				CLANG_WARN_BLOCK_CAPTURE_AUTORELEASING = YES;
				CLANG_WARN_BOOL_CONVERSION = YES;
				CLANG_WARN_COMMA = YES;
				CLANG_WARN_CONSTANT_CONVERSION = YES;
				CLANG_WARN_DEPRECATED_OBJC_IMPLEMENTATIONS = YES;
				CLANG_WARN_DIRECT_OBJC_ISA_USAGE = YES_ERROR;
				CLANG_WARN_DOCUMENTATION_COMMENTS = YES;
				CLANG_WARN_EMPTY_BODY = YES;
				CLANG_WARN_ENUM_CONVERSION = YES;
				CLANG_WARN_INFINITE_RECURSION = YES;
				CLANG_WARN_INT_CONVERSION = YES;
				CLANG_WARN_NON_LITERAL_NULL_CONVERSION = YES;
				CLANG_WARN_OBJC_IMPLICIT_RETAIN_SELF = YES;
				CLANG_WARN_OBJC_LITERAL_CONVERSION = YES;
				CLANG_WARN_OBJC_ROOT_CLASS = YES_ERROR;
				CLANG_WARN_RANGE_LOOP_ANALYSIS = YES;
				CLANG_WARN_STRICT_PROTOTYPES = YES;
				CLANG_WARN_SUSPICIOUS_MOVE = YES;
				CLANG_WARN_UNGUARDED_AVAILABILITY = YES_AGGRESSIVE;
				CLANG_WARN_UNREACHABLE_CODE = YES;
				CLANG_WARN__DUPLICATE_METHOD_MATCH = YES;
				CODE_SIGN_IDENTITY = "iPhone Developer";
				COPY_PHASE_STRIP = NO;
				DEBUG_INFORMATION_FORMAT = dwarf;
				ENABLE_STRICT_OBJC_MSGSEND = YES;
				ENABLE_TESTABILITY = YES;
				GCC_C_LANGUAGE_STANDARD = gnu11;
				GCC_DYNAMIC_NO_PIC = NO;
				GCC_NO_COMMON_BLOCKS = YES;
				GCC_OPTIMIZATION_LEVEL = 0;
				GCC_PREPROCESSOR_DEFINITIONS = (
					"DEBUG=1",
					"$(inherited)",
				);
				GCC_WARN_64_TO_32_BIT_CONVERSION = YES;
				GCC_WARN_ABOUT_RETURN_TYPE = YES_ERROR;
				GCC_WARN_UNDECLARED_SELECTOR = YES;
				GCC_WARN_UNINITIALIZED_AUTOS = YES_AGGRESSIVE;
				GCC_WARN_UNUSED_FUNCTION = YES;
				GCC_WARN_UNUSED_VARIABLE = YES;
				IPHONEOS_DEPLOYMENT_TARGET = 12.0;
				MTL_ENABLE_DEBUG_INFO = INCLUDE_SOURCE;
				MTL_FAST_MATH = YES;
				ONLY_ACTIVE_ARCH = YES;
				SDKROOT = iphoneos;
			};
			name = Debug;
		};
		C0B8056B216B673000519B6E /* Release */ = {
			isa = XCBuildConfiguration;
			buildSettings = {
				ALWAYS_SEARCH_USER_PATHS = NO;
				CLANG_ANALYZER_NONNULL = YES;
				CLANG_ANALYZER_NUMBER_OBJECT_CONVERSION = YES_AGGRESSIVE;
				CLANG_CXX_LANGUAGE_STANDARD = "gnu++14";
				CLANG_CXX_LIBRARY = "libc++";
				CLANG_ENABLE_MODULES = YES;
				CLANG_ENABLE_OBJC_ARC = YES;
				CLANG_ENABLE_OBJC_WEAK = YES;
				CLANG_WARN_BLOCK_CAPTURE_AUTORELEASING = YES;
				CLANG_WARN_BOOL_CONVERSION = YES;
				CLANG_WARN_COMMA = YES;
				CLANG_WARN_CONSTANT_CONVERSION = YES;
				CLANG_WARN_DEPRECATED_OBJC_IMPLEMENTATIONS = YES;
				CLANG_WARN_DIRECT_OBJC_ISA_USAGE = YES_ERROR;
				CLANG_WARN_DOCUMENTATION_COMMENTS = YES;
				CLANG_WARN_EMPTY_BODY = YES;
				CLANG_WARN_ENUM_CONVERSION = YES;
				CLANG_WARN_INFINITE_RECURSION = YES;
				CLANG_WARN_INT_CONVERSION = YES;
				CLANG_WARN_NON_LITERAL_NULL_CONVERSION = YES;
				CLANG_WARN_OBJC_IMPLICIT_RETAIN_SELF = YES;
				CLANG_WARN_OBJC_LITERAL_CONVERSION = YES;
				CLANG_WARN_OBJC_ROOT_CLASS = YES_ERROR;
				CLANG_WARN_RANGE_LOOP_ANALYSIS = YES;
				CLANG_WARN_STRICT_PROTOTYPES = YES;
				CLANG_WARN_SUSPICIOUS_MOVE = YES;
				CLANG_WARN_UNGUARDED_AVAILABILITY = YES_AGGRESSIVE;
				CLANG_WARN_UNREACHABLE_CODE = YES;
				CLANG_WARN__DUPLICATE_METHOD_MATCH = YES;
				CODE_SIGN_IDENTITY = "iPhone Developer";
				COPY_PHASE_STRIP = NO;
				DEBUG_INFORMATION_FORMAT = "dwarf-with-dsym";
				ENABLE_NS_ASSERTIONS = NO;
				ENABLE_STRICT_OBJC_MSGSEND = YES;
				GCC_C_LANGUAGE_STANDARD = gnu11;
				GCC_NO_COMMON_BLOCKS = YES;
				GCC_WARN_64_TO_32_BIT_CONVERSION = YES;
				GCC_WARN_ABOUT_RETURN_TYPE = YES_ERROR;
				GCC_WARN_UNDECLARED_SELECTOR = YES;
				GCC_WARN_UNINITIALIZED_AUTOS = YES_AGGRESSIVE;
				GCC_WARN_UNUSED_FUNCTION = YES;
				GCC_WARN_UNUSED_VARIABLE = YES;
				IPHONEOS_DEPLOYMENT_TARGET = 12.0;
				MTL_ENABLE_DEBUG_INFO = NO;
				MTL_FAST_MATH = YES;
				SDKROOT = iphoneos;
				VALIDATE_PRODUCT = YES;
			};
			name = Release;
		};
		C0B8056D216B673000519B6E /* Debug */ = {
			isa = XCBuildConfiguration;
			buildSettings = {
				ASSETCATALOG_COMPILER_APPICON_NAME = AppIcon;
				CODE_SIGN_STYLE = Automatic;
				DEVELOPMENT_TEAM = 3RTPA62VT2;
				INFOPLIST_FILE = CXChangeAppIcon/Info.plist;
				LD_RUNPATH_SEARCH_PATHS = (
					"$(inherited)",
					"@executable_path/Frameworks",
				);
				PRODUCT_BUNDLE_IDENTIFIER = chenXiaoHui.CXChangeAppIcon;
				PRODUCT_NAME = "$(TARGET_NAME)";
				TARGETED_DEVICE_FAMILY = "1,2";
			};
			name = Debug;
		};
		C0B8056E216B673000519B6E /* Release */ = {
			isa = XCBuildConfiguration;
			buildSettings = {
				ASSETCATALOG_COMPILER_APPICON_NAME = AppIcon;
				CODE_SIGN_STYLE = Automatic;
				DEVELOPMENT_TEAM = 3RTPA62VT2;
				INFOPLIST_FILE = CXChangeAppIcon/Info.plist;
				LD_RUNPATH_SEARCH_PATHS = (
					"$(inherited)",
					"@executable_path/Frameworks",
				);
				PRODUCT_BUNDLE_IDENTIFIER = chenXiaoHui.CXChangeAppIcon;
				PRODUCT_NAME = "$(TARGET_NAME)";
				TARGETED_DEVICE_FAMILY = "1,2";
			};
			name = Release;
		};
/* End XCBuildConfiguration section */

/* Begin XCConfigurationList section */
		C0B80551216B672D00519B6E /* Build configuration list for PBXProject "CXChangeAppIcon" */ = {
			isa = XCConfigurationList;
			buildConfigurations = (
				C0B8056A216B673000519B6E /* Debug */,
				C0B8056B216B673000519B6E /* Release */,
			);
			defaultConfigurationIsVisible = 0;
			defaultConfigurationName = Release;
		};
		C0B8056C216B673000519B6E /* Build configuration list for PBXNativeTarget "CXChangeAppIcon" */ = {
			isa = XCConfigurationList;
			buildConfigurations = (
				C0B8056D216B673000519B6E /* Debug */,
				C0B8056E216B673000519B6E /* Release */,
			);
			defaultConfigurationIsVisible = 0;
			defaultConfigurationName = Release;
		};
/* End XCConfigurationList section */
	};
	rootObject = C0B8054E216B672D00519B6E /* Project object */;
}
